// !$*UTF8*$!
{
	archiveVersion = 1;
	classes = {
	};
	objectVersion = 50;
	objects = {

/* Begin PBXBuildFile section */
		8EF194E0265F485500C712FA /* main.cpp in Sources */ = {isa = PBXBuildFile; fileRef = 8EF194DF265F485500C712FA /* main.cpp */; };
		8EF194F52660DDF300C712FA /* Context.cpp in Sources */ = {isa = PBXBuildFile; fileRef = 8EF194F32660DDF300C712FA /* Context.cpp */; };
		8EF194F92660E1CB00C712FA /* NetHandler.cpp in Sources */ = {isa = PBXBuildFile; fileRef = 8EF194F72660E1CB00C712FA /* NetHandler.cpp */; };
		8EF194FF2665D1B100C712FA /* NetHelper.cpp in Sources */ = {isa = PBXBuildFile; fileRef = 8EF194FD2665D1B100C712FA /* NetHelper.cpp */; };
/* End PBXBuildFile section */

/* Begin PBXCopyFilesBuildPhase section */
		8EF194DA265F485500C712FA /* CopyFiles */ = {
			isa = PBXCopyFilesBuildPhase;
			buildActionMask = 2147483647;
			dstPath = /usr/share/man/man1/;
			dstSubfolderSpec = 0;
			files = (
			);
			runOnlyForDeploymentPostprocessing = 1;
		};
/* End PBXCopyFilesBuildPhase section */

/* Begin PBXFileReference section */
		8EF194DC265F485500C712FA /* net */ = {isa = PBXFileReference; explicitFileType = "compiled.mach-o.executable"; includeInIndex = 0; path = net; sourceTree = BUILT_PRODUCTS_DIR; };
		8EF194DF265F485500C712FA /* main.cpp */ = {isa = PBXFileReference; lastKnownFileType = sourcecode.cpp.cpp; path = main.cpp; sourceTree = "<group>"; };
		8EF194F32660DDF300C712FA /* Context.cpp */ = {isa = PBXFileReference; lastKnownFileType = sourcecode.cpp.cpp; path = Context.cpp; sourceTree = "<group>"; };
		8EF194F42660DDF300C712FA /* Context.hpp */ = {isa = PBXFileReference; lastKnownFileType = sourcecode.cpp.h; path = Context.hpp; sourceTree = "<group>"; };
		8EF194F62660DE4100C712FA /* Macros.h */ = {isa = PBXFileReference; lastKnownFileType = sourcecode.c.h; path = Macros.h; sourceTree = "<group>"; };
		8EF194F72660E1CB00C712FA /* NetHandler.cpp */ = {isa = PBXFileReference; lastKnownFileType = sourcecode.cpp.cpp; path = NetHandler.cpp; sourceTree = "<group>"; };
		8EF194F82660E1CB00C712FA /* NetHandler.hpp */ = {isa = PBXFileReference; lastKnownFileType = sourcecode.cpp.h; path = NetHandler.hpp; sourceTree = "<group>"; };
		8EF194FA2660F41C00C712FA /* Action.h */ = {isa = PBXFileReference; lastKnownFileType = sourcecode.c.h; path = Action.h; sourceTree = "<group>"; };
		8EF194FB2660F47E00C712FA /* ServerInfo.h */ = {isa = PBXFileReference; lastKnownFileType = sourcecode.c.h; path = ServerInfo.h; sourceTree = "<group>"; };
		8EF194FC2660F6D600C712FA /* SyncFrame.h */ = {isa = PBXFileReference; lastKnownFileType = sourcecode.c.h; path = SyncFrame.h; sourceTree = "<group>"; };
		8EF194FD2665D1B100C712FA /* NetHelper.cpp */ = {isa = PBXFileReference; lastKnownFileType = sourcecode.cpp.cpp; path = NetHelper.cpp; sourceTree = "<group>"; };
		8EF194FE2665D1B100C712FA /* NetHelper.hpp */ = {isa = PBXFileReference; lastKnownFileType = sourcecode.cpp.h; path = NetHelper.hpp; sourceTree = "<group>"; };
/* End PBXFileReference section */

/* Begin PBXFrameworksBuildPhase section */
		8EF194D9265F485500C712FA /* Frameworks */ = {
			isa = PBXFrameworksBuildPhase;
			buildActionMask = 2147483647;
			files = (
			);
			runOnlyForDeploymentPostprocessing = 0;
		};
/* End PBXFrameworksBuildPhase section */

/* Begin PBXGroup section */
		8EF194D3265F485500C712FA = {
			isa = PBXGroup;
			children = (
				8EF194DE265F485500C712FA /* net */,
				8EF194DD265F485500C712FA /* Products */,
			);
			sourceTree = "<group>";
		};
		8EF194DD265F485500C712FA /* Products */ = {
			isa = PBXGroup;
			children = (
				8EF194DC265F485500C712FA /* net */,
			);
			name = Products;
			sourceTree = "<group>";
		};
		8EF194DE265F485500C712FA /* net */ = {
			isa = PBXGroup;
			children = (
				8EF194F22660DDE500C712FA /* syncframe */,
				8EF194DF265F485500C712FA /* main.cpp */,
			);
			path = net;
			sourceTree = "<group>";
		};
		8EF194F22660DDE500C712FA /* syncframe */ = {
			isa = PBXGroup;
			children = (
				8EF194F32660DDF300C712FA /* Context.cpp */,
				8EF194F42660DDF300C712FA /* Context.hpp */,
				8EF194F62660DE4100C712FA /* Macros.h */,
				8EF194F72660E1CB00C712FA /* NetHandler.cpp */,
				8EF194F82660E1CB00C712FA /* NetHandler.hpp */,
				8EF194FA2660F41C00C712FA /* Action.h */,
				8EF194FB2660F47E00C712FA /* ServerInfo.h */,
				8EF194FC2660F6D600C712FA /* SyncFrame.h */,
				8EF194FD2665D1B100C712FA /* NetHelper.cpp */,
				8EF194FE2665D1B100C712FA /* NetHelper.hpp */,
			);
			path = syncframe;
			sourceTree = "<group>";
		};
/* End PBXGroup section */

/* Begin PBXNativeTarget section */
		8EF194DB265F485500C712FA /* net */ = {
			isa = PBXNativeTarget;
			buildConfigurationList = 8EF194E3265F485500C712FA /* Build configuration list for PBXNativeTarget "net" */;
			buildPhases = (
				8EF194D8265F485500C712FA /* Sources */,
				8EF194D9265F485500C712FA /* Frameworks */,
				8EF194DA265F485500C712FA /* CopyFiles */,
			);
			buildRules = (
			);
			dependencies = (
			);
			name = net;
			productName = net;
			productReference = 8EF194DC265F485500C712FA /* net */;
			productType = "com.apple.product-type.tool";
		};
/* End PBXNativeTarget section */

/* Begin PBXProject section */
		8EF194D4265F485500C712FA /* Project object */ = {
			isa = PBXProject;
			attributes = {
				LastUpgradeCheck = 1250;
				TargetAttributes = {
					8EF194DB265F485500C712FA = {
						CreatedOnToolsVersion = 12.5;
					};
				};
			};
			buildConfigurationList = 8EF194D7265F485500C712FA /* Build configuration list for PBXProject "net" */;
			compatibilityVersion = "Xcode 9.3";
			developmentRegion = en;
			hasScannedForEncodings = 0;
			knownRegions = (
				en,
				Base,
			);
			mainGroup = 8EF194D3265F485500C712FA;
			productRefGroup = 8EF194DD265F485500C712FA /* Products */;
			projectDirPath = "";
			projectRoot = "";
			targets = (
				8EF194DB265F485500C712FA /* net */,
			);
		};
/* End PBXProject section */

/* Begin PBXSourcesBuildPhase section */
		8EF194D8265F485500C712FA /* Sources */ = {
			isa = PBXSourcesBuildPhase;
			buildActionMask = 2147483647;
			files = (
				8EF194E0265F485500C712FA /* main.cpp in Sources */,
				8EF194FF2665D1B100C712FA /* NetHelper.cpp in Sources */,
				8EF194F52660DDF300C712FA /* Context.cpp in Sources */,
				8EF194F92660E1CB00C712FA /* NetHandler.cpp in Sources */,
			);
			runOnlyForDeploymentPostprocessing = 0;
		};
/* End PBXSourcesBuildPhase section */

/* Begin XCBuildConfiguration section */
		8EF194E1265F485500C712FA /* Debug */ = {
			isa = XCBuildConfiguration;
			buildSettings = {
				ALWAYS_SEARCH_USER_PATHS = NO;
				CLANG_ANALYZER_NONNULL = YES;
				CLANG_ANALYZER_NUMBER_OBJECT_CONVERSION = YES_AGGRESSIVE;
				CLANG_CXX_LANGUAGE_STANDARD = "gnu++14";
				CLANG_CXX_LIBRARY = "libc++";
				CLANG_ENABLE_MODULES = YES;
				CLANG_ENABLE_OBJC_ARC = YES;
				CLANG_ENABLE_OBJC_WEAK = YES;
				CLANG_WARN_BLOCK_CAPTURE_AUTORELEASING = YES;
				CLANG_WARN_BOOL_CONVERSION = YES;
				CLANG_WARN_COMMA = YES;
				CLANG_WARN_CONSTANT_CONVERSION = YES;
				CLANG_WARN_DEPRECATED_OBJC_IMPLEMENTATIONS = YES;
				CLANG_WARN_DIRECT_OBJC_ISA_USAGE = YES_ERROR;
				CLANG_WARN_DOCUMENTATION_COMMENTS = YES;
				CLANG_WARN_EMPTY_BODY = YES;
				CLANG_WARN_ENUM_CONVERSION = YES;
				CLANG_WARN_INFINITE_RECURSION = YES;
				CLANG_WARN_INT_CONVERSION = YES;
				CLANG_WARN_NON_LITERAL_NULL_CONVERSION = YES;
				CLANG_WARN_OBJC_IMPLICIT_RETAIN_SELF = YES;
				CLANG_WARN_OBJC_LITERAL_CONVERSION = YES;
				CLANG_WARN_OBJC_ROOT_CLASS = YES_ERROR;
				CLANG_WARN_QUOTED_INCLUDE_IN_FRAMEWORK_HEADER = YES;
				CLANG_WARN_RANGE_LOOP_ANALYSIS = YES;
				CLANG_WARN_STRICT_PROTOTYPES = YES;
				CLANG_WARN_SUSPICIOUS_MOVE = YES;
				CLANG_WARN_UNGUARDED_AVAILABILITY = YES_AGGRESSIVE;
				CLANG_WARN_UNREACHABLE_CODE = YES;
				CLANG_WARN__DUPLICATE_METHOD_MATCH = YES;
				COPY_PHASE_STRIP = NO;
				DEBUG_INFORMATION_FORMAT = dwarf;
				ENABLE_STRICT_OBJC_MSGSEND = YES;
				ENABLE_TESTABILITY = YES;
				GCC_C_LANGUAGE_STANDARD = gnu11;
				GCC_DYNAMIC_NO_PIC = NO;
				GCC_NO_COMMON_BLOCKS = YES;
				GCC_OPTIMIZATION_LEVEL = 0;
				GCC_PREPROCESSOR_DEFINITIONS = (
					"DEBUG=1",
					"$(inherited)",
				);
				GCC_WARN_64_TO_32_BIT_CONVERSION = YES;
				GCC_WARN_ABOUT_RETURN_TYPE = YES_ERROR;
				GCC_WARN_UNDECLARED_SELECTOR = YES;
				GCC_WARN_UNINITIALIZED_AUTOS = YES_AGGRESSIVE;
				GCC_WARN_UNUSED_FUNCTION = YES;
				GCC_WARN_UNUSED_VARIABLE = YES;
				MACOSX_DEPLOYMENT_TARGET = 11.3;
				MTL_ENABLE_DEBUG_INFO = INCLUDE_SOURCE;
				MTL_FAST_MATH = YES;
				ONLY_ACTIVE_ARCH = YES;
				OTHER_LDFLAGS = "";
				OTHER_LIBTOOLFLAGS = "";
				SDKROOT = macosx;
				SECTORDER_FLAGS = "";
			};
			name = Debug;
		};
		8EF194E2265F485500C712FA /* Release */ = {
			isa = XCBuildConfiguration;
			buildSettings = {
				ALWAYS_SEARCH_USER_PATHS = NO;
				CLANG_ANALYZER_NONNULL = YES;
				CLANG_ANALYZER_NUMBER_OBJECT_CONVERSION = YES_AGGRESSIVE;
				CLANG_CXX_LANGUAGE_STANDARD = "gnu++14";
				CLANG_CXX_LIBRARY = "libc++";
				CLANG_ENABLE_MODULES = YES;
				CLANG_ENABLE_OBJC_ARC = YES;
				CLANG_ENABLE_OBJC_WEAK = YES;
				CLANG_WARN_BLOCK_CAPTURE_AUTORELEASING = YES;
				CLANG_WARN_BOOL_CONVERSION = YES;
				CLANG_WARN_COMMA = YES;
				CLANG_WARN_CONSTANT_CONVERSION = YES;
				CLANG_WARN_DEPRECATED_OBJC_IMPLEMENTATIONS = YES;
				CLANG_WARN_DIRECT_OBJC_ISA_USAGE = YES_ERROR;
				CLANG_WARN_DOCUMENTATION_COMMENTS = YES;
				CLANG_WARN_EMPTY_BODY = YES;
				CLANG_WARN_ENUM_CONVERSION = YES;
				CLANG_WARN_INFINITE_RECURSION = YES;
				CLANG_WARN_INT_CONVERSION = YES;
				CLANG_WARN_NON_LITERAL_NULL_CONVERSION = YES;
				CLANG_WARN_OBJC_IMPLICIT_RETAIN_SELF = YES;
				CLANG_WARN_OBJC_LITERAL_CONVERSION = YES;
				CLANG_WARN_OBJC_ROOT_CLASS = YES_ERROR;
				CLANG_WARN_QUOTED_INCLUDE_IN_FRAMEWORK_HEADER = YES;
				CLANG_WARN_RANGE_LOOP_ANALYSIS = YES;
				CLANG_WARN_STRICT_PROTOTYPES = YES;
				CLANG_WARN_SUSPICIOUS_MOVE = YES;
				CLANG_WARN_UNGUARDED_AVAILABILITY = YES_AGGRESSIVE;
				CLANG_WARN_UNREACHABLE_CODE = YES;
				CLANG_WARN__DUPLICATE_METHOD_MATCH = YES;
				COPY_PHASE_STRIP = NO;
				DEBUG_INFORMATION_FORMAT = "dwarf-with-dsym";
				ENABLE_NS_ASSERTIONS = NO;
				ENABLE_STRICT_OBJC_MSGSEND = YES;
				GCC_C_LANGUAGE_STANDARD = gnu11;
				GCC_NO_COMMON_BLOCKS = YES;
				GCC_WARN_64_TO_32_BIT_CONVERSION = YES;
				GCC_WARN_ABOUT_RETURN_TYPE = YES_ERROR;
				GCC_WARN_UNDECLARED_SELECTOR = YES;
				GCC_WARN_UNINITIALIZED_AUTOS = YES_AGGRESSIVE;
				GCC_WARN_UNUSED_FUNCTION = YES;
				GCC_WARN_UNUSED_VARIABLE = YES;
				MACOSX_DEPLOYMENT_TARGET = 11.3;
				MTL_ENABLE_DEBUG_INFO = NO;
				MTL_FAST_MATH = YES;
				OTHER_LDFLAGS = "";
				OTHER_LIBTOOLFLAGS = "";
				SDKROOT = macosx;
				SECTORDER_FLAGS = "";
			};
			name = Release;
		};
		8EF194E4265F485500C712FA /* Debug */ = {
			isa = XCBuildConfiguration;
			buildSettings = {
				CODE_SIGN_STYLE = Automatic;
				DEVELOPMENT_TEAM = LAAVA5XCBJ;
				ENABLE_HARDENED_RUNTIME = YES;
				FRAMEWORK_SEARCH_PATHS = "";
				HEADER_SEARCH_PATHS = "";
				LD_DYLIB_ALLOWABLE_CLIENTS = "";
				LIBRARY_SEARCH_PATHS = "/Users/ashan/workspace/v8-sample/net-lib";
				ONLY_ACTIVE_ARCH = NO;
				OTHER_CPLUSPLUSFLAGS = "$(OTHER_CFLAGS)";
				OTHER_LDFLAGS = (
					"-lssl",
					"-lcrypto",
				);
				OTHER_LIBTOOLFLAGS = "";
				PRODUCT_NAME = "$(TARGET_NAME)";
				SYSTEM_HEADER_SEARCH_PATHS = "";
				USER_HEADER_SEARCH_PATHS = (
					"/Users/ashan/workspace/v8-sample/net-lib/asio/include",
					"/Users/ashan/workspace/v8-sample/net-lib/openssl/include/**",
				);
			};
			name = Debug;
		};
		8EF194E5265F485500C712FA /* Release */ = {
			isa = XCBuildConfiguration;
			buildSettings = {
				CODE_SIGN_STYLE = Automatic;
				DEVELOPMENT_TEAM = LAAVA5XCBJ;
				ENABLE_HARDENED_RUNTIME = YES;
				FRAMEWORK_SEARCH_PATHS = "";
				HEADER_SEARCH_PATHS = "";
				LD_DYLIB_ALLOWABLE_CLIENTS = "";
				LIBRARY_SEARCH_PATHS = "/Users/ashan/workspace/v8-sample/net-lib";
				ONLY_ACTIVE_ARCH = NO;
				OTHER_CPLUSPLUSFLAGS = "$(OTHER_CFLAGS)";
				OTHER_LDFLAGS = (
					"-lssl",
					"-lcrypto",
				);
				OTHER_LIBTOOLFLAGS = "";
				PRODUCT_NAME = "$(TARGET_NAME)";
				SYSTEM_HEADER_SEARCH_PATHS = "";
				USER_HEADER_SEARCH_PATHS = (
					"/Users/ashan/workspace/v8-sample/net-lib/asio/include",
					"/Users/ashan/workspace/v8-sample/net-lib/openssl/include/**",
				);
			};
			name = Release;
		};
/* End XCBuildConfiguration section */

/* Begin XCConfigurationList section */
		8EF194D7265F485500C712FA /* Build configuration list for PBXProject "net" */ = {
			isa = XCConfigurationList;
			buildConfigurations = (
				8EF194E1265F485500C712FA /* Debug */,
				8EF194E2265F485500C712FA /* Release */,
			);
			defaultConfigurationIsVisible = 0;
			defaultConfigurationName = Release;
		};
		8EF194E3265F485500C712FA /* Build configuration list for PBXNativeTarget "net" */ = {
			isa = XCConfigurationList;
			buildConfigurations = (
				8EF194E4265F485500C712FA /* Debug */,
				8EF194E5265F485500C712FA /* Release */,
			);
			defaultConfigurationIsVisible = 0;
			defaultConfigurationName = Release;
		};
/* End XCConfigurationList section */
	};
	rootObject = 8EF194D4265F485500C712FA /* Project object */;
}
